
Microsoft Visual Studio Solution File, Format Version 12.00
# Visual Studio Version 16
VisualStudioVersion = 16.0.32510.428
MinimumVisualStudioVersion = 10.0.40219.1
Project("{FAE04EC0-301F-11D3-BF4B-00C04F79EFBC}") = "DiemCong_NguyenThanhDat", "DiemCong_NguyenThanhDat\DiemCong_NguyenThanhDat.csproj", "{695D5E67-1818-4658-A06B-4AE6011BEB4F}"
EndProject
Global
	GlobalSection(SolutionConfigurationPlatforms) = preSolution
		Debug|Any CPU = Debug|Any CPU
		Release|Any CPU = Release|Any CPU
	EndGlobalSection
	GlobalSection(ProjectConfigurationPlatforms) = postSolution
		{695D5E67-1818-4658-A06B-4AE6011BEB4F}.Debug|Any CPU.ActiveCfg = Debug|Any CPU
		{695D5E67-1818-4658-A06B-4AE6011BEB4F}.Debug|Any CPU.Build.0 = Debug|Any CPU
		{695D5E67-1818-4658-A06B-4AE6011BEB4F}.Release|Any CPU.ActiveCfg = Release|Any CPU
		{695D5E67-1818-4658-A06B-4AE6011BEB4F}.Release|Any CPU.Build.0 = Release|Any CPU
	EndGlobalSection
	GlobalSection(SolutionProperties) = preSolution
		HideSolutionNode = FALSE
	EndGlobalSection
	GlobalSection(ExtensibilityGlobals) = postSolution
		SolutionGuid = {08D6844A-B3D9-46FE-BE92-CCF2B6AAA06C}
	EndGlobalSection
EndGlobal
